
Microsoft Visual Studio Solution File, Format Version 12.00
# Visual Studio Version 17
VisualStudioVersion = 17.13.35605.110
MinimumVisualStudioVersion = 10.0.40219.1
Project("{FAE04EC0-301F-11D3-BF4B-00C04F79EFBC}") = "Varlık-ZimmetDepoYonetimi.UI", "Varlık-ZimmetDepoYonetimi.UI\Varlık-ZimmetDepoYonetimi.UI.csproj", "{90D90B10-159D-4AEC-8C81-D90BD4CD7DD9}"
EndProject
Global
	GlobalSection(SolutionConfigurationPlatforms) = preSolution
		Debug|Any CPU = Debug|Any CPU
		Release|Any CPU = Release|Any CPU
	EndGlobalSection
	GlobalSection(ProjectConfigurationPlatforms) = postSolution
		{90D90B10-159D-4AEC-8C81-D90BD4CD7DD9}.Debug|Any CPU.ActiveCfg = Debug|Any CPU
		{90D90B10-159D-4AEC-8C81-D90BD4CD7DD9}.Debug|Any CPU.Build.0 = Debug|Any CPU
		{90D90B10-159D-4AEC-8C81-D90BD4CD7DD9}.Release|Any CPU.ActiveCfg = Release|Any CPU
		{90D90B10-159D-4AEC-8C81-D90BD4CD7DD9}.Release|Any CPU.Build.0 = Release|Any CPU
	EndGlobalSection
	GlobalSection(SolutionProperties) = preSolution
		HideSolutionNode = FALSE
	EndGlobalSection
	GlobalSection(ExtensibilityGlobals) = postSolution
		SolutionGuid = {A3E00F6C-C9DC-4565-B3C1-949E3A0F0934}
	EndGlobalSection
EndGlobal
